// !$*UTF8*$!
{
	archiveVersion = 1;
	classes = {
	};
	objectVersion = 51;
	objects = {

/* Begin PBXBuildFile section */
		7C53CB2E250EACE200F44D15 /* AppDelegate.swift in Sources */ = {isa = PBXBuildFile; fileRef = 7C53CB2D250EACE200F44D15 /* AppDelegate.swift */; };
		7C53CB30250EACE200F44D15 /* SceneDelegate.swift in Sources */ = {isa = PBXBuildFile; fileRef = 7C53CB2F250EACE200F44D15 /* SceneDelegate.swift */; };
		7C53CB32250EACE200F44D15 /* ItemListViewController.swift in Sources */ = {isa = PBXBuildFile; fileRef = 7C53CB31250EACE200F44D15 /* ItemListViewController.swift */; };
		7C53CB35250EACE200F44D15 /* Main.storyboard in Resources */ = {isa = PBXBuildFile; fileRef = 7C53CB33250EACE200F44D15 /* Main.storyboard */; };
		7C53CB37250EACE600F44D15 /* Assets.xcassets in Resources */ = {isa = PBXBuildFile; fileRef = 7C53CB36250EACE600F44D15 /* Assets.xcassets */; };
		7C53CB3A250EACE600F44D15 /* LaunchScreen.storyboard in Resources */ = {isa = PBXBuildFile; fileRef = 7C53CB38250EACE600F44D15 /* LaunchScreen.storyboard */; };
		7C53CB42250EAE4400F44D15 /* SidelineSwapAPI.swift in Sources */ = {isa = PBXBuildFile; fileRef = 7C53CB41250EAE4400F44D15 /* SidelineSwapAPI.swift */; };
		7C53CB4F250EB6EC00F44D15 /* Facets.swift in Sources */ = {isa = PBXBuildFile; fileRef = 7C53CB44250EB6EC00F44D15 /* Facets.swift */; };
		7C53CB50250EB6EC00F44D15 /* Children.swift in Sources */ = {isa = PBXBuildFile; fileRef = 7C53CB45250EB6EC00F44D15 /* Children.swift */; };
		7C53CB51250EB6EC00F44D15 /* Paging.swift in Sources */ = {isa = PBXBuildFile; fileRef = 7C53CB46250EB6EC00F44D15 /* Paging.swift */; };
		7C53CB52250EB6EC00F44D15 /* Item.swift in Sources */ = {isa = PBXBuildFile; fileRef = 7C53CB47250EB6EC00F44D15 /* Item.swift */; };
		7C53CB53250EB6EC00F44D15 /* RootClass.swift in Sources */ = {isa = PBXBuildFile; fileRef = 7C53CB48250EB6EC00F44D15 /* RootClass.swift */; };
		7C53CB54250EB6EC00F44D15 /* Images.swift in Sources */ = {isa = PBXBuildFile; fileRef = 7C53CB49250EB6EC00F44D15 /* Images.swift */; };
		7C53CB55250EB6EC00F44D15 /* Query.swift in Sources */ = {isa = PBXBuildFile; fileRef = 7C53CB4A250EB6EC00F44D15 /* Query.swift */; };
		7C53CB56250EB6EC00F44D15 /* Seller.swift in Sources */ = {isa = PBXBuildFile; fileRef = 7C53CB4B250EB6EC00F44D15 /* Seller.swift */; };
		7C53CB57250EB6EC00F44D15 /* Meta.swift in Sources */ = {isa = PBXBuildFile; fileRef = 7C53CB4C250EB6EC00F44D15 /* Meta.swift */; };
		7C53CB58250EB6EC00F44D15 /* PrimaryImage.swift in Sources */ = {isa = PBXBuildFile; fileRef = 7C53CB4D250EB6EC00F44D15 /* PrimaryImage.swift */; };
		7C53CB59250EB6EC00F44D15 /* Categories.swift in Sources */ = {isa = PBXBuildFile; fileRef = 7C53CB4E250EB6EC00F44D15 /* Categories.swift */; };
		7C53CB5B250ECDD800F44D15 /* ItemCollectionViewCell.swift in Sources */ = {isa = PBXBuildFile; fileRef = 7C53CB5A250ECDD800F44D15 /* ItemCollectionViewCell.swift */; };
		E0F31715578AB9D836976DFE /* Pods_SidelineSwapChallenge.framework in Frameworks */ = {isa = PBXBuildFile; fileRef = 273DAE8F86E124B77D374662 /* Pods_SidelineSwapChallenge.framework */; };
/* End PBXBuildFile section */

/* Begin PBXFileReference section */
		273DAE8F86E124B77D374662 /* Pods_SidelineSwapChallenge.framework */ = {isa = PBXFileReference; explicitFileType = wrapper.framework; includeInIndex = 0; path = Pods_SidelineSwapChallenge.framework; sourceTree = BUILT_PRODUCTS_DIR; };
		5777B62EB9200C9C6A0DDB06 /* Pods-SidelineSwapChallenge.debug.xcconfig */ = {isa = PBXFileReference; includeInIndex = 1; lastKnownFileType = text.xcconfig; name = "Pods-SidelineSwapChallenge.debug.xcconfig"; path = "Target Support Files/Pods-SidelineSwapChallenge/Pods-SidelineSwapChallenge.debug.xcconfig"; sourceTree = "<group>"; };
		7C53CB2A250EACE200F44D15 /* SidelineSwapChallenge.app */ = {isa = PBXFileReference; explicitFileType = wrapper.application; includeInIndex = 0; path = SidelineSwapChallenge.app; sourceTree = BUILT_PRODUCTS_DIR; };
		7C53CB2D250EACE200F44D15 /* AppDelegate.swift */ = {isa = PBXFileReference; lastKnownFileType = sourcecode.swift; path = AppDelegate.swift; sourceTree = "<group>"; };
		7C53CB2F250EACE200F44D15 /* SceneDelegate.swift */ = {isa = PBXFileReference; lastKnownFileType = sourcecode.swift; path = SceneDelegate.swift; sourceTree = "<group>"; };
		7C53CB31250EACE200F44D15 /* ItemListViewController.swift */ = {isa = PBXFileReference; lastKnownFileType = sourcecode.swift; path = ItemListViewController.swift; sourceTree = "<group>"; };
		7C53CB34250EACE200F44D15 /* Base */ = {isa = PBXFileReference; lastKnownFileType = file.storyboard; name = Base; path = Base.lproj/Main.storyboard; sourceTree = "<group>"; };
		7C53CB36250EACE600F44D15 /* Assets.xcassets */ = {isa = PBXFileReference; lastKnownFileType = folder.assetcatalog; path = Assets.xcassets; sourceTree = "<group>"; };
		7C53CB39250EACE600F44D15 /* Base */ = {isa = PBXFileReference; lastKnownFileType = file.storyboard; name = Base; path = Base.lproj/LaunchScreen.storyboard; sourceTree = "<group>"; };
		7C53CB3B250EACE600F44D15 /* Info.plist */ = {isa = PBXFileReference; lastKnownFileType = text.plist.xml; path = Info.plist; sourceTree = "<group>"; };
		7C53CB41250EAE4400F44D15 /* SidelineSwapAPI.swift */ = {isa = PBXFileReference; lastKnownFileType = sourcecode.swift; path = SidelineSwapAPI.swift; sourceTree = "<group>"; };
		7C53CB44250EB6EC00F44D15 /* Facets.swift */ = {isa = PBXFileReference; fileEncoding = 4; lastKnownFileType = sourcecode.swift; path = Facets.swift; sourceTree = "<group>"; };
		7C53CB45250EB6EC00F44D15 /* Children.swift */ = {isa = PBXFileReference; fileEncoding = 4; lastKnownFileType = sourcecode.swift; path = Children.swift; sourceTree = "<group>"; };
		7C53CB46250EB6EC00F44D15 /* Paging.swift */ = {isa = PBXFileReference; fileEncoding = 4; lastKnownFileType = sourcecode.swift; path = Paging.swift; sourceTree = "<group>"; };
		7C53CB47250EB6EC00F44D15 /* Item.swift */ = {isa = PBXFileReference; fileEncoding = 4; lastKnownFileType = sourcecode.swift; path = Item.swift; sourceTree = "<group>"; };
		7C53CB48250EB6EC00F44D15 /* RootClass.swift */ = {isa = PBXFileReference; fileEncoding = 4; lastKnownFileType = sourcecode.swift; path = RootClass.swift; sourceTree = "<group>"; };
		7C53CB49250EB6EC00F44D15 /* Images.swift */ = {isa = PBXFileReference; fileEncoding = 4; lastKnownFileType = sourcecode.swift; path = Images.swift; sourceTree = "<group>"; };
		7C53CB4A250EB6EC00F44D15 /* Query.swift */ = {isa = PBXFileReference; fileEncoding = 4; lastKnownFileType = sourcecode.swift; path = Query.swift; sourceTree = "<group>"; };
		7C53CB4B250EB6EC00F44D15 /* Seller.swift */ = {isa = PBXFileReference; fileEncoding = 4; lastKnownFileType = sourcecode.swift; path = Seller.swift; sourceTree = "<group>"; };
		7C53CB4C250EB6EC00F44D15 /* Meta.swift */ = {isa = PBXFileReference; fileEncoding = 4; lastKnownFileType = sourcecode.swift; path = Meta.swift; sourceTree = "<group>"; };
		7C53CB4D250EB6EC00F44D15 /* PrimaryImage.swift */ = {isa = PBXFileReference; fileEncoding = 4; lastKnownFileType = sourcecode.swift; path = PrimaryImage.swift; sourceTree = "<group>"; };
		7C53CB4E250EB6EC00F44D15 /* Categories.swift */ = {isa = PBXFileReference; fileEncoding = 4; lastKnownFileType = sourcecode.swift; path = Categories.swift; sourceTree = "<group>"; };
		7C53CB5A250ECDD800F44D15 /* ItemCollectionViewCell.swift */ = {isa = PBXFileReference; lastKnownFileType = sourcecode.swift; path = ItemCollectionViewCell.swift; sourceTree = "<group>"; };
		DDC4F9C8AC9CF3232BC6E3C8 /* Pods-SidelineSwapChallenge.release.xcconfig */ = {isa = PBXFileReference; includeInIndex = 1; lastKnownFileType = text.xcconfig; name = "Pods-SidelineSwapChallenge.release.xcconfig"; path = "Target Support Files/Pods-SidelineSwapChallenge/Pods-SidelineSwapChallenge.release.xcconfig"; sourceTree = "<group>"; };
/* End PBXFileReference section */

/* Begin PBXFrameworksBuildPhase section */
		7C53CB27250EACE200F44D15 /* Frameworks */ = {
			isa = PBXFrameworksBuildPhase;
			buildActionMask = 2147483647;
			files = (
				E0F31715578AB9D836976DFE /* Pods_SidelineSwapChallenge.framework in Frameworks */,
			);
			runOnlyForDeploymentPostprocessing = 0;
		};
/* End PBXFrameworksBuildPhase section */

/* Begin PBXGroup section */
		0B1F551FF76E5A548164D43B /* Frameworks */ = {
			isa = PBXGroup;
			children = (
				273DAE8F86E124B77D374662 /* Pods_SidelineSwapChallenge.framework */,
			);
			name = Frameworks;
			sourceTree = "<group>";
		};
		414539594E4BFA21A5FE2621 /* Pods */ = {
			isa = PBXGroup;
			children = (
				5777B62EB9200C9C6A0DDB06 /* Pods-SidelineSwapChallenge.debug.xcconfig */,
				DDC4F9C8AC9CF3232BC6E3C8 /* Pods-SidelineSwapChallenge.release.xcconfig */,
			);
			path = Pods;
			sourceTree = "<group>";
		};
		7C53CB21250EACE200F44D15 = {
			isa = PBXGroup;
			children = (
				7C53CB2C250EACE200F44D15 /* SidelineSwapChallenge */,
				7C53CB2B250EACE200F44D15 /* Products */,
				414539594E4BFA21A5FE2621 /* Pods */,
				0B1F551FF76E5A548164D43B /* Frameworks */,
			);
			sourceTree = "<group>";
		};
		7C53CB2B250EACE200F44D15 /* Products */ = {
			isa = PBXGroup;
			children = (
				7C53CB2A250EACE200F44D15 /* SidelineSwapChallenge.app */,
			);
			name = Products;
			sourceTree = "<group>";
		};
		7C53CB2C250EACE200F44D15 /* SidelineSwapChallenge */ = {
			isa = PBXGroup;
			children = (
				7C53CB43250EB6DD00F44D15 /* Model */,
				7C53CB2D250EACE200F44D15 /* AppDelegate.swift */,
				7C53CB41250EAE4400F44D15 /* SidelineSwapAPI.swift */,
				7C53CB2F250EACE200F44D15 /* SceneDelegate.swift */,
				7C53CB31250EACE200F44D15 /* ItemListViewController.swift */,
				7C53CB5A250ECDD800F44D15 /* ItemCollectionViewCell.swift */,
				7C53CB33250EACE200F44D15 /* Main.storyboard */,
				7C53CB36250EACE600F44D15 /* Assets.xcassets */,
				7C53CB38250EACE600F44D15 /* LaunchScreen.storyboard */,
				7C53CB3B250EACE600F44D15 /* Info.plist */,
			);
			path = SidelineSwapChallenge;
			sourceTree = "<group>";
		};
		7C53CB43250EB6DD00F44D15 /* Model */ = {
			isa = PBXGroup;
			children = (
				7C53CB4E250EB6EC00F44D15 /* Categories.swift */,
				7C53CB45250EB6EC00F44D15 /* Children.swift */,
				7C53CB47250EB6EC00F44D15 /* Item.swift */,
				7C53CB44250EB6EC00F44D15 /* Facets.swift */,
				7C53CB49250EB6EC00F44D15 /* Images.swift */,
				7C53CB4C250EB6EC00F44D15 /* Meta.swift */,
				7C53CB46250EB6EC00F44D15 /* Paging.swift */,
				7C53CB4D250EB6EC00F44D15 /* PrimaryImage.swift */,
				7C53CB4A250EB6EC00F44D15 /* Query.swift */,
				7C53CB48250EB6EC00F44D15 /* RootClass.swift */,
				7C53CB4B250EB6EC00F44D15 /* Seller.swift */,
			);
			path = Model;
			sourceTree = "<group>";
		};
/* End PBXGroup section */

/* Begin PBXNativeTarget section */
		7C53CB29250EACE200F44D15 /* SidelineSwapChallenge */ = {
			isa = PBXNativeTarget;
			buildConfigurationList = 7C53CB3E250EACE600F44D15 /* Build configuration list for PBXNativeTarget "SidelineSwapChallenge" */;
			buildPhases = (
				9D31635B8B8CCB58242EAE81 /* [CP] Check Pods Manifest.lock */,
				7C53CB26250EACE200F44D15 /* Sources */,
				7C53CB27250EACE200F44D15 /* Frameworks */,
				7C53CB28250EACE200F44D15 /* Resources */,
				660D1B8FB730C5AFB8E79C39 /* [CP] Embed Pods Frameworks */,
			);
			buildRules = (
			);
			dependencies = (
			);
			name = SidelineSwapChallenge;
			productName = SidelineSwapChallenge;
			productReference = 7C53CB2A250EACE200F44D15 /* SidelineSwapChallenge.app */;
			productType = "com.apple.product-type.application";
		};
/* End PBXNativeTarget section */

/* Begin PBXProject section */
		7C53CB22250EACE200F44D15 /* Project object */ = {
			isa = PBXProject;
			attributes = {
				LastSwiftUpdateCheck = 1170;
				LastUpgradeCheck = 1170;
				ORGANIZATIONNAME = "Gershy Lev";
				TargetAttributes = {
					7C53CB29250EACE200F44D15 = {
						CreatedOnToolsVersion = 11.7;
					};
				};
			};
			buildConfigurationList = 7C53CB25250EACE200F44D15 /* Build configuration list for PBXProject "SidelineSwapChallenge" */;
			compatibilityVersion = "Xcode 9.3";
			developmentRegion = en;
			hasScannedForEncodings = 0;
			knownRegions = (
				en,
				Base,
			);
			mainGroup = 7C53CB21250EACE200F44D15;
			productRefGroup = 7C53CB2B250EACE200F44D15 /* Products */;
			projectDirPath = "";
			projectRoot = "";
			targets = (
				7C53CB29250EACE200F44D15 /* SidelineSwapChallenge */,
			);
		};
/* End PBXProject section */

/* Begin PBXResourcesBuildPhase section */
		7C53CB28250EACE200F44D15 /* Resources */ = {
			isa = PBXResourcesBuildPhase;
			buildActionMask = 2147483647;
			files = (
				7C53CB3A250EACE600F44D15 /* LaunchScreen.storyboard in Resources */,
				7C53CB37250EACE600F44D15 /* Assets.xcassets in Resources */,
				7C53CB35250EACE200F44D15 /* Main.storyboard in Resources */,
			);
			runOnlyForDeploymentPostprocessing = 0;
		};
/* End PBXResourcesBuildPhase section */

/* Begin PBXShellScriptBuildPhase section */
		660D1B8FB730C5AFB8E79C39 /* [CP] Embed Pods Frameworks */ = {
			isa = PBXShellScriptBuildPhase;
			buildActionMask = 2147483647;
			files = (
			);
			inputFileListPaths = (
				"${PODS_ROOT}/Target Support Files/Pods-SidelineSwapChallenge/Pods-SidelineSwapChallenge-frameworks-${CONFIGURATION}-input-files.xcfilelist",
			);
			name = "[CP] Embed Pods Frameworks";
			outputFileListPaths = (
				"${PODS_ROOT}/Target Support Files/Pods-SidelineSwapChallenge/Pods-SidelineSwapChallenge-frameworks-${CONFIGURATION}-output-files.xcfilelist",
			);
			runOnlyForDeploymentPostprocessing = 0;
			shellPath = /bin/sh;
			shellScript = "\"${PODS_ROOT}/Target Support Files/Pods-SidelineSwapChallenge/Pods-SidelineSwapChallenge-frameworks.sh\"\n";
			showEnvVarsInLog = 0;
		};
		9D31635B8B8CCB58242EAE81 /* [CP] Check Pods Manifest.lock */ = {
			isa = PBXShellScriptBuildPhase;
			buildActionMask = 2147483647;
			files = (
			);
			inputFileListPaths = (
			);
			inputPaths = (
				"${PODS_PODFILE_DIR_PATH}/Podfile.lock",
				"${PODS_ROOT}/Manifest.lock",
			);
			name = "[CP] Check Pods Manifest.lock";
			outputFileListPaths = (
			);
			outputPaths = (
				"$(DERIVED_FILE_DIR)/Pods-SidelineSwapChallenge-checkManifestLockResult.txt",
			);
			runOnlyForDeploymentPostprocessing = 0;
			shellPath = /bin/sh;
			shellScript = "diff \"${PODS_PODFILE_DIR_PATH}/Podfile.lock\" \"${PODS_ROOT}/Manifest.lock\" > /dev/null\nif [ $? != 0 ] ; then\n    # print error to STDERR\n    echo \"error: The sandbox is not in sync with the Podfile.lock. Run 'pod install' or update your CocoaPods installation.\" >&2\n    exit 1\nfi\n# This output is used by Xcode 'outputs' to avoid re-running this script phase.\necho \"SUCCESS\" > \"${SCRIPT_OUTPUT_FILE_0}\"\n";
			showEnvVarsInLog = 0;
		};
/* End PBXShellScriptBuildPhase section */

/* Begin PBXSourcesBuildPhase section */
		7C53CB26250EACE200F44D15 /* Sources */ = {
			isa = PBXSourcesBuildPhase;
			buildActionMask = 2147483647;
			files = (
				7C53CB50250EB6EC00F44D15 /* Children.swift in Sources */,
				7C53CB32250EACE200F44D15 /* ItemListViewController.swift in Sources */,
				7C53CB59250EB6EC00F44D15 /* Categories.swift in Sources */,
				7C53CB2E250EACE200F44D15 /* AppDelegate.swift in Sources */,
				7C53CB42250EAE4400F44D15 /* SidelineSwapAPI.swift in Sources */,
				7C53CB53250EB6EC00F44D15 /* RootClass.swift in Sources */,
				7C53CB55250EB6EC00F44D15 /* Query.swift in Sources */,
				7C53CB56250EB6EC00F44D15 /* Seller.swift in Sources */,
				7C53CB51250EB6EC00F44D15 /* Paging.swift in Sources */,
				7C53CB58250EB6EC00F44D15 /* PrimaryImage.swift in Sources */,
				7C53CB4F250EB6EC00F44D15 /* Facets.swift in Sources */,
				7C53CB54250EB6EC00F44D15 /* Images.swift in Sources */,
				7C53CB57250EB6EC00F44D15 /* Meta.swift in Sources */,
				7C53CB5B250ECDD800F44D15 /* ItemCollectionViewCell.swift in Sources */,
				7C53CB30250EACE200F44D15 /* SceneDelegate.swift in Sources */,
				7C53CB52250EB6EC00F44D15 /* Item.swift in Sources */,
			);
			runOnlyForDeploymentPostprocessing = 0;
		};
/* End PBXSourcesBuildPhase section */

/* Begin PBXVariantGroup section */
		7C53CB33250EACE200F44D15 /* Main.storyboard */ = {
			isa = PBXVariantGroup;
			children = (
				7C53CB34250EACE200F44D15 /* Base */,
			);
			name = Main.storyboard;
			sourceTree = "<group>";
		};
		7C53CB38250EACE600F44D15 /* LaunchScreen.storyboard */ = {
			isa = PBXVariantGroup;
			children = (
				7C53CB39250EACE600F44D15 /* Base */,
			);
			name = LaunchScreen.storyboard;
			sourceTree = "<group>";
		};
/* End PBXVariantGroup section */

/* Begin XCBuildConfiguration section */
		7C53CB3C250EACE600F44D15 /* Debug */ = {
			isa = XCBuildConfiguration;
			buildSettings = {
				ALWAYS_SEARCH_USER_PATHS = NO;
				CLANG_ANALYZER_NONNULL = YES;
				CLANG_ANALYZER_NUMBER_OBJECT_CONVERSION = YES_AGGRESSIVE;
				CLANG_CXX_LANGUAGE_STANDARD = "gnu++14";
				CLANG_CXX_LIBRARY = "libc++";
				CLANG_ENABLE_MODULES = YES;
				CLANG_ENABLE_OBJC_ARC = YES;
				CLANG_ENABLE_OBJC_WEAK = YES;
				CLANG_WARN_BLOCK_CAPTURE_AUTORELEASING = YES;
				CLANG_WARN_BOOL_CONVERSION = YES;
				CLANG_WARN_COMMA = YES;
				CLANG_WARN_CONSTANT_CONVERSION = YES;
				CLANG_WARN_DEPRECATED_OBJC_IMPLEMENTATIONS = YES;
				CLANG_WARN_DIRECT_OBJC_ISA_USAGE = YES_ERROR;
				CLANG_WARN_DOCUMENTATION_COMMENTS = YES;
				CLANG_WARN_EMPTY_BODY = YES;
				CLANG_WARN_ENUM_CONVERSION = YES;
				CLANG_WARN_INFINITE_RECURSION = YES;
				CLANG_WARN_INT_CONVERSION = YES;
				CLANG_WARN_NON_LITERAL_NULL_CONVERSION = YES;
				CLANG_WARN_OBJC_IMPLICIT_RETAIN_SELF = YES;
				CLANG_WARN_OBJC_LITERAL_CONVERSION = YES;
				CLANG_WARN_OBJC_ROOT_CLASS = YES_ERROR;
				CLANG_WARN_RANGE_LOOP_ANALYSIS = YES;
				CLANG_WARN_STRICT_PROTOTYPES = YES;
				CLANG_WARN_SUSPICIOUS_MOVE = YES;
				CLANG_WARN_UNGUARDED_AVAILABILITY = YES_AGGRESSIVE;
				CLANG_WARN_UNREACHABLE_CODE = YES;
				CLANG_WARN__DUPLICATE_METHOD_MATCH = YES;
				COPY_PHASE_STRIP = NO;
				DEBUG_INFORMATION_FORMAT = dwarf;
				ENABLE_STRICT_OBJC_MSGSEND = YES;
				ENABLE_TESTABILITY = YES;
				GCC_C_LANGUAGE_STANDARD = gnu11;
				GCC_DYNAMIC_NO_PIC = NO;
				GCC_NO_COMMON_BLOCKS = YES;
				GCC_OPTIMIZATION_LEVEL = 0;
				GCC_PREPROCESSOR_DEFINITIONS = (
					"DEBUG=1",
					"$(inherited)",
				);
				GCC_WARN_64_TO_32_BIT_CONVERSION = YES;
				GCC_WARN_ABOUT_RETURN_TYPE = YES_ERROR;
				GCC_WARN_UNDECLARED_SELECTOR = YES;
				GCC_WARN_UNINITIALIZED_AUTOS = YES_AGGRESSIVE;
				GCC_WARN_UNUSED_FUNCTION = YES;
				GCC_WARN_UNUSED_VARIABLE = YES;
				IPHONEOS_DEPLOYMENT_TARGET = 13.7;
				MTL_ENABLE_DEBUG_INFO = INCLUDE_SOURCE;
				MTL_FAST_MATH = YES;
				ONLY_ACTIVE_ARCH = YES;
				SDKROOT = iphoneos;
				SWIFT_ACTIVE_COMPILATION_CONDITIONS = DEBUG;
				SWIFT_OPTIMIZATION_LEVEL = "-Onone";
			};
			name = Debug;
		};
		7C53CB3D250EACE600F44D15 /* Release */ = {
			isa = XCBuildConfiguration;
			buildSettings = {
				ALWAYS_SEARCH_USER_PATHS = NO;
				CLANG_ANALYZER_NONNULL = YES;
				CLANG_ANALYZER_NUMBER_OBJECT_CONVERSION = YES_AGGRESSIVE;
				CLANG_CXX_LANGUAGE_STANDARD = "gnu++14";
				CLANG_CXX_LIBRARY = "libc++";
				CLANG_ENABLE_MODULES = YES;
				CLANG_ENABLE_OBJC_ARC = YES;
				CLANG_ENABLE_OBJC_WEAK = YES;
				CLANG_WARN_BLOCK_CAPTURE_AUTORELEASING = YES;
				CLANG_WARN_BOOL_CONVERSION = YES;
				CLANG_WARN_COMMA = YES;
				CLANG_WARN_CONSTANT_CONVERSION = YES;
				CLANG_WARN_DEPRECATED_OBJC_IMPLEMENTATIONS = YES;
				CLANG_WARN_DIRECT_OBJC_ISA_USAGE = YES_ERROR;
				CLANG_WARN_DOCUMENTATION_COMMENTS = YES;
				CLANG_WARN_EMPTY_BODY = YES;
				CLANG_WARN_ENUM_CONVERSION = YES;
				CLANG_WARN_INFINITE_RECURSION = YES;
				CLANG_WARN_INT_CONVERSION = YES;
				CLANG_WARN_NON_LITERAL_NULL_CONVERSION = YES;
				CLANG_WARN_OBJC_IMPLICIT_RETAIN_SELF = YES;
				CLANG_WARN_OBJC_LITERAL_CONVERSION = YES;
				CLANG_WARN_OBJC_ROOT_CLASS = YES_ERROR;
				CLANG_WARN_RANGE_LOOP_ANALYSIS = YES;
				CLANG_WARN_STRICT_PROTOTYPES = YES;
				CLANG_WARN_SUSPICIOUS_MOVE = YES;
				CLANG_WARN_UNGUARDED_AVAILABILITY = YES_AGGRESSIVE;
				CLANG_WARN_UNREACHABLE_CODE = YES;
				CLANG_WARN__DUPLICATE_METHOD_MATCH = YES;
				COPY_PHASE_STRIP = NO;
				DEBUG_INFORMATION_FORMAT = "dwarf-with-dsym";
				ENABLE_NS_ASSERTIONS = NO;
				ENABLE_STRICT_OBJC_MSGSEND = YES;
				GCC_C_LANGUAGE_STANDARD = gnu11;
				GCC_NO_COMMON_BLOCKS = YES;
				GCC_WARN_64_TO_32_BIT_CONVERSION = YES;
				GCC_WARN_ABOUT_RETURN_TYPE = YES_ERROR;
				GCC_WARN_UNDECLARED_SELECTOR = YES;
				GCC_WARN_UNINITIALIZED_AUTOS = YES_AGGRESSIVE;
				GCC_WARN_UNUSED_FUNCTION = YES;
				GCC_WARN_UNUSED_VARIABLE = YES;
				IPHONEOS_DEPLOYMENT_TARGET = 13.7;
				MTL_ENABLE_DEBUG_INFO = NO;
				MTL_FAST_MATH = YES;
				SDKROOT = iphoneos;
				SWIFT_COMPILATION_MODE = wholemodule;
				SWIFT_OPTIMIZATION_LEVEL = "-O";
				VALIDATE_PRODUCT = YES;
			};
			name = Release;
		};
		7C53CB3F250EACE600F44D15 /* Debug */ = {
			isa = XCBuildConfiguration;
			baseConfigurationReference = 5777B62EB9200C9C6A0DDB06 /* Pods-SidelineSwapChallenge.debug.xcconfig */;
			buildSettings = {
				ASSETCATALOG_COMPILER_APPICON_NAME = AppIcon;
				CODE_SIGN_STYLE = Automatic;
				DEVELOPMENT_TEAM = ZBWTNC9BAL;
				INFOPLIST_FILE = SidelineSwapChallenge/Info.plist;
				LD_RUNPATH_SEARCH_PATHS = (
					"$(inherited)",
					"@executable_path/Frameworks",
				);
				PRODUCT_BUNDLE_IDENTIFIER = com.sidelineswap.SidelineSwapChallenge;
				PRODUCT_NAME = "$(TARGET_NAME)";
				SWIFT_VERSION = 5.0;
				TARGETED_DEVICE_FAMILY = "1,2";
			};
			name = Debug;
		};
		7C53CB40250EACE600F44D15 /* Release */ = {
			isa = XCBuildConfiguration;
			baseConfigurationReference = DDC4F9C8AC9CF3232BC6E3C8 /* Pods-SidelineSwapChallenge.release.xcconfig */;
			buildSettings = {
				ASSETCATALOG_COMPILER_APPICON_NAME = AppIcon;
				CODE_SIGN_STYLE = Automatic;
				DEVELOPMENT_TEAM = ZBWTNC9BAL;
				INFOPLIST_FILE = SidelineSwapChallenge/Info.plist;
				LD_RUNPATH_SEARCH_PATHS = (
					"$(inherited)",
					"@executable_path/Frameworks",
				);
				PRODUCT_BUNDLE_IDENTIFIER = com.sidelineswap.SidelineSwapChallenge;
				PRODUCT_NAME = "$(TARGET_NAME)";
				SWIFT_VERSION = 5.0;
				TARGETED_DEVICE_FAMILY = "1,2";
			};
			name = Release;
		};
/* End XCBuildConfiguration section */

/* Begin XCConfigurationList section */
		7C53CB25250EACE200F44D15 /* Build configuration list for PBXProject "SidelineSwapChallenge" */ = {
			isa = XCConfigurationList;
			buildConfigurations = (
				7C53CB3C250EACE600F44D15 /* Debug */,
				7C53CB3D250EACE600F44D15 /* Release */,
			);
			defaultConfigurationIsVisible = 0;
			defaultConfigurationName = Release;
		};
		7C53CB3E250EACE600F44D15 /* Build configuration list for PBXNativeTarget "SidelineSwapChallenge" */ = {
			isa = XCConfigurationList;
			buildConfigurations = (
				7C53CB3F250EACE600F44D15 /* Debug */,
				7C53CB40250EACE600F44D15 /* Release */,
			);
			defaultConfigurationIsVisible = 0;
			defaultConfigurationName = Release;
		};
/* End XCConfigurationList section */
	};
	rootObject = 7C53CB22250EACE200F44D15 /* Project object */;
}
